
Microsoft Visual Studio Solution File, Format Version 12.00
# Visual Studio Version 16
VisualStudioVersion = 16.0.30907.101
MinimumVisualStudioVersion = 10.0.40219.1
Project("{9A19103F-16F7-4668-BE54-9A1E7A4F7556}") = "Libellule", "Libellule\Libellule.csproj", "{F818C218-86E7-4638-BDC6-0FA01EEC4AD4}"
EndProject
Global
	GlobalSection(SolutionConfigurationPlatforms) = preSolution
		Debug|x64 = Debug|x64
		Release|x64 = Release|x64
		ReleasePortable|x64 = ReleasePortable|x64
	EndGlobalSection
	GlobalSection(ProjectConfigurationPlatforms) = postSolution
		{F818C218-86E7-4638-BDC6-0FA01EEC4AD4}.Debug|x64.ActiveCfg = Debug|x64
		{F818C218-86E7-4638-BDC6-0FA01EEC4AD4}.Debug|x64.Build.0 = Debug|x64
		{F818C218-86E7-4638-BDC6-0FA01EEC4AD4}.Release|x64.ActiveCfg = Release|x64
		{F818C218-86E7-4638-BDC6-0FA01EEC4AD4}.Release|x64.Build.0 = Release|x64
		{F818C218-86E7-4638-BDC6-0FA01EEC4AD4}.ReleasePortable|x64.ActiveCfg = ReleasePortable|x64
		{F818C218-86E7-4638-BDC6-0FA01EEC4AD4}.ReleasePortable|x64.Build.0 = ReleasePortable|x64
	EndGlobalSection
	GlobalSection(SolutionProperties) = preSolution
		HideSolutionNode = FALSE
	EndGlobalSection
	GlobalSection(ExtensibilityGlobals) = postSolution
		SolutionGuid = {2554D8AC-F1A1-44FD-8DD2-819F3C460B2A}
	EndGlobalSection
EndGlobal
